
Microsoft Visual Studio Solution File, Format Version 12.00
# Visual Studio Version 16
VisualStudioVersion = 16.0.31112.23
MinimumVisualStudioVersion = 10.0.40219.1
Project("{FAE04EC0-301F-11D3-BF4B-00C04F79EFBC}") = "DBManager", "DBManager\DBManager.csproj", "{48264FC5-E0DD-4CAC-9556-9A852C9E03EB}"
EndProject
Global
	GlobalSection(SolutionConfigurationPlatforms) = preSolution
		Debug|Any CPU = Debug|Any CPU
		Release|Any CPU = Release|Any CPU
	EndGlobalSection
	GlobalSection(ProjectConfigurationPlatforms) = postSolution
		{48264FC5-E0DD-4CAC-9556-9A852C9E03EB}.Debug|Any CPU.ActiveCfg = Debug|Any CPU
		{48264FC5-E0DD-4CAC-9556-9A852C9E03EB}.Debug|Any CPU.Build.0 = Debug|Any CPU
		{48264FC5-E0DD-4CAC-9556-9A852C9E03EB}.Release|Any CPU.ActiveCfg = Release|Any CPU
		{48264FC5-E0DD-4CAC-9556-9A852C9E03EB}.Release|Any CPU.Build.0 = Release|Any CPU
	EndGlobalSection
	GlobalSection(SolutionProperties) = preSolution
		HideSolutionNode = FALSE
	EndGlobalSection
	GlobalSection(ExtensibilityGlobals) = postSolution
		SolutionGuid = {BAC62E3E-348A-4D06-BAEF-624DC968B0F4}
	EndGlobalSection
EndGlobal
